
Microsoft Visual Studio Solution File, Format Version 12.00
Project("{FAE04EC0-301F-11D3-BF4B-00C04F79EFBC}") = "NeoSwagger.NSwag.CLI", "NeoSwagger.NSwag.CLI\NeoSwagger.NSwag.CLI.csproj", "{BC2AF31C-E15A-4539-859A-5DAEF06CA487}"
EndProject
Project("{FAE04EC0-301F-11D3-BF4B-00C04F79EFBC}") = "NeoSwagger.NSwag.CLI.Tests", "NeoSwagger.NSwag.CLI.Tests\NeoSwagger.NSwag.CLI.Tests.csproj", "{05579D7D-6D7F-42D3-9017-FA198EB9FCD2}"
EndProject
Project("{FAE04EC0-301F-11D3-BF4B-00C04F79EFBC}") = "CLI.App", "CLI.App\CLI.App.csproj", "{A7B34BB1-6B30-4864-BB3F-09C38ED1C39B}"
EndProject
Global
	GlobalSection(SolutionConfigurationPlatforms) = preSolution
		Debug|Any CPU = Debug|Any CPU
		Release|Any CPU = Release|Any CPU
	EndGlobalSection
	GlobalSection(ProjectConfigurationPlatforms) = postSolution
		{BC2AF31C-E15A-4539-859A-5DAEF06CA487}.Debug|Any CPU.ActiveCfg = Debug|Any CPU
		{BC2AF31C-E15A-4539-859A-5DAEF06CA487}.Debug|Any CPU.Build.0 = Debug|Any CPU
		{BC2AF31C-E15A-4539-859A-5DAEF06CA487}.Release|Any CPU.ActiveCfg = Release|Any CPU
		{BC2AF31C-E15A-4539-859A-5DAEF06CA487}.Release|Any CPU.Build.0 = Release|Any CPU
		{05579D7D-6D7F-42D3-9017-FA198EB9FCD2}.Debug|Any CPU.ActiveCfg = Debug|Any CPU
		{05579D7D-6D7F-42D3-9017-FA198EB9FCD2}.Debug|Any CPU.Build.0 = Debug|Any CPU
		{05579D7D-6D7F-42D3-9017-FA198EB9FCD2}.Release|Any CPU.ActiveCfg = Release|Any CPU
		{05579D7D-6D7F-42D3-9017-FA198EB9FCD2}.Release|Any CPU.Build.0 = Release|Any CPU
		{A7B34BB1-6B30-4864-BB3F-09C38ED1C39B}.Debug|Any CPU.ActiveCfg = Debug|Any CPU
		{A7B34BB1-6B30-4864-BB3F-09C38ED1C39B}.Debug|Any CPU.Build.0 = Debug|Any CPU
		{A7B34BB1-6B30-4864-BB3F-09C38ED1C39B}.Release|Any CPU.ActiveCfg = Release|Any CPU
		{A7B34BB1-6B30-4864-BB3F-09C38ED1C39B}.Release|Any CPU.Build.0 = Release|Any CPU
	EndGlobalSection
EndGlobal
